// !$*UTF8*$!
{
	archiveVersion = 1;
	classes = {
	};
	objectVersion = 77;
	objects = {

/* Begin PBXBuildFile section */
		4339D2D12ECA223000D3C9FB /* WidgetKit.framework in Frameworks */ = {isa = PBXBuildFile; fileRef = 4339D2D02ECA223000D3C9FB /* WidgetKit.framework */; };
		4339D2D32ECA223000D3C9FB /* SwiftUI.framework in Frameworks */ = {isa = PBXBuildFile; fileRef = 4339D2D22ECA223000D3C9FB /* SwiftUI.framework */; };
		4339D2E02ECA223200D3C9FB /* MarketMoodWidgetExtension.appex in Embed Foundation Extensions */ = {isa = PBXBuildFile; fileRef = 4339D2CE2ECA223000D3C9FB /* MarketMoodWidgetExtension.appex */; settings = {ATTRIBUTES = (RemoveHeadersOnCopy, ); }; };
		435737F92EE1EDCE006516D8 /* generate-api-key.sh in Resources */ = {isa = PBXBuildFile; fileRef = 435737F72EE1EDCE006516D8 /* generate-api-key.sh */; };
		435737FA2EE1EDCE006516D8 /* generate-api-key.sh in Resources */ = {isa = PBXBuildFile; fileRef = 435737F72EE1EDCE006516D8 /* generate-api-key.sh */; };
		43F193382EE32C9500FC42BC /* Readme.md in Resources */ = {isa = PBXBuildFile; fileRef = 43F193372EE32C9000FC42BC /* Readme.md */; };
/* End PBXBuildFile section */

/* Begin PBXContainerItemProxy section */
		4339D2DE2ECA223200D3C9FB /* PBXContainerItemProxy */ = {
			isa = PBXContainerItemProxy;
			containerPortal = 439F0F202E93D75200101CA0 /* Project object */;
			proxyType = 1;
			remoteGlobalIDString = 4339D2CD2ECA223000D3C9FB;
			remoteInfo = MarketMoodWidgetExtension;
		};
/* End PBXContainerItemProxy section */

/* Begin PBXCopyFilesBuildPhase section */
		4339D2E52ECA223200D3C9FB /* Embed Foundation Extensions */ = {
			isa = PBXCopyFilesBuildPhase;
			buildActionMask = 2147483647;
			dstPath = "";
			dstSubfolderSpec = 13;
			files = (
				4339D2E02ECA223200D3C9FB /* MarketMoodWidgetExtension.appex in Embed Foundation Extensions */,
			);
			name = "Embed Foundation Extensions";
			runOnlyForDeploymentPostprocessing = 0;
		};
/* End PBXCopyFilesBuildPhase section */

/* Begin PBXFileReference section */
		4339D2CE2ECA223000D3C9FB /* MarketMoodWidgetExtension.appex */ = {isa = PBXFileReference; explicitFileType = "wrapper.app-extension"; includeInIndex = 0; path = MarketMoodWidgetExtension.appex; sourceTree = BUILT_PRODUCTS_DIR; };
		4339D2D02ECA223000D3C9FB /* WidgetKit.framework */ = {isa = PBXFileReference; lastKnownFileType = wrapper.framework; name = WidgetKit.framework; path = System/Library/Frameworks/WidgetKit.framework; sourceTree = SDKROOT; };
		4339D2D22ECA223000D3C9FB /* SwiftUI.framework */ = {isa = PBXFileReference; lastKnownFileType = wrapper.framework; name = SwiftUI.framework; path = System/Library/Frameworks/SwiftUI.framework; sourceTree = SDKROOT; };
		4339D2EE2ECA23D600D3C9FB /* MarketMoodWidgetExtension.entitlements */ = {isa = PBXFileReference; lastKnownFileType = text.plist.entitlements; path = MarketMoodWidgetExtension.entitlements; sourceTree = "<group>"; };
		435737F72EE1EDCE006516D8 /* generate-api-key.sh */ = {isa = PBXFileReference; lastKnownFileType = text.script.sh; path = "generate-api-key.sh"; sourceTree = "<group>"; };
		439F0F282E93D75200101CA0 /* MarketMood.app */ = {isa = PBXFileReference; explicitFileType = wrapper.application; includeInIndex = 0; path = MarketMood.app; sourceTree = BUILT_PRODUCTS_DIR; };
		43F193372EE32C9000FC42BC /* Readme.md */ = {isa = PBXFileReference; lastKnownFileType = net.daringfireball.markdown; path = Readme.md; sourceTree = "<group>"; };
		43F193392EE32D2C00FC42BC /* Sample.jpeg */ = {isa = PBXFileReference; lastKnownFileType = image.jpeg; path = Sample.jpeg; sourceTree = "<group>"; };
/* End PBXFileReference section */

/* Begin PBXFileSystemSynchronizedBuildFileExceptionSet section */
		4339D2E12ECA223200D3C9FB /* Exceptions for "MarketMoodWidget" folder in "MarketMoodWidgetExtension" target */ = {
			isa = PBXFileSystemSynchronizedBuildFileExceptionSet;
			membershipExceptions = (
				Info.plist,
			);
			target = 4339D2CD2ECA223000D3C9FB /* MarketMoodWidgetExtension */;
		};
		4339D2F02ECA241400D3C9FB /* Exceptions for "MarketMood" folder in "MarketMood" target */ = {
			isa = PBXFileSystemSynchronizedBuildFileExceptionSet;
			membershipExceptions = (
				Info.plist,
			);
			target = 439F0F272E93D75200101CA0 /* MarketMood */;
		};
/* End PBXFileSystemSynchronizedBuildFileExceptionSet section */

/* Begin PBXFileSystemSynchronizedRootGroup section */
		4339D2D42ECA223000D3C9FB /* MarketMoodWidget */ = {
			isa = PBXFileSystemSynchronizedRootGroup;
			exceptions = (
				4339D2E12ECA223200D3C9FB /* Exceptions for "MarketMoodWidget" folder in "MarketMoodWidgetExtension" target */,
			);
			path = MarketMoodWidget;
			sourceTree = "<group>";
		};
		439F0F2A2E93D75200101CA0 /* MarketMood */ = {
			isa = PBXFileSystemSynchronizedRootGroup;
			exceptions = (
				4339D2F02ECA241400D3C9FB /* Exceptions for "MarketMood" folder in "MarketMood" target */,
			);
			path = MarketMood;
			sourceTree = "<group>";
		};
/* End PBXFileSystemSynchronizedRootGroup section */

/* Begin PBXFrameworksBuildPhase section */
		4339D2CB2ECA223000D3C9FB /* Frameworks */ = {
			isa = PBXFrameworksBuildPhase;
			buildActionMask = 2147483647;
			files = (
				4339D2D32ECA223000D3C9FB /* SwiftUI.framework in Frameworks */,
				4339D2D12ECA223000D3C9FB /* WidgetKit.framework in Frameworks */,
			);
			runOnlyForDeploymentPostprocessing = 0;
		};
		439F0F252E93D75200101CA0 /* Frameworks */ = {
			isa = PBXFrameworksBuildPhase;
			buildActionMask = 2147483647;
			files = (
			);
			runOnlyForDeploymentPostprocessing = 0;
		};
/* End PBXFrameworksBuildPhase section */

/* Begin PBXGroup section */
		4339D2CF2ECA223000D3C9FB /* Frameworks */ = {
			isa = PBXGroup;
			children = (
				4339D2D02ECA223000D3C9FB /* WidgetKit.framework */,
				4339D2D22ECA223000D3C9FB /* SwiftUI.framework */,
			);
			name = Frameworks;
			sourceTree = "<group>";
		};
		435737F82EE1EDCE006516D8 /* scripts */ = {
			isa = PBXGroup;
			children = (
				435737F72EE1EDCE006516D8 /* generate-api-key.sh */,
			);
			path = scripts;
			sourceTree = "<group>";
		};
		439F0F1F2E93D75200101CA0 = {
			isa = PBXGroup;
			children = (
				43F193372EE32C9000FC42BC /* Readme.md */,
				435737F82EE1EDCE006516D8 /* scripts */,
				4339D2EE2ECA23D600D3C9FB /* MarketMoodWidgetExtension.entitlements */,
				439F0F2A2E93D75200101CA0 /* MarketMood */,
				4339D2D42ECA223000D3C9FB /* MarketMoodWidget */,
				4339D2CF2ECA223000D3C9FB /* Frameworks */,
				439F0F292E93D75200101CA0 /* Products */,
				43F193392EE32D2C00FC42BC /* Sample.jpeg */,
			);
			sourceTree = "<group>";
		};
		439F0F292E93D75200101CA0 /* Products */ = {
			isa = PBXGroup;
			children = (
				439F0F282E93D75200101CA0 /* MarketMood.app */,
				4339D2CE2ECA223000D3C9FB /* MarketMoodWidgetExtension.appex */,
			);
			name = Products;
			sourceTree = "<group>";
		};
/* End PBXGroup section */

/* Begin PBXNativeTarget section */
		4339D2CD2ECA223000D3C9FB /* MarketMoodWidgetExtension */ = {
			isa = PBXNativeTarget;
			buildConfigurationList = 4339D2E22ECA223200D3C9FB /* Build configuration list for PBXNativeTarget "MarketMoodWidgetExtension" */;
			buildPhases = (
				4339D2CA2ECA223000D3C9FB /* Sources */,
				4339D2CB2ECA223000D3C9FB /* Frameworks */,
				4339D2CC2ECA223000D3C9FB /* Resources */,
			);
			buildRules = (
			);
			dependencies = (
			);
			fileSystemSynchronizedGroups = (
				4339D2D42ECA223000D3C9FB /* MarketMoodWidget */,
			);
			name = MarketMoodWidgetExtension;
			packageProductDependencies = (
			);
			productName = MarketMoodWidgetExtension;
			productReference = 4339D2CE2ECA223000D3C9FB /* MarketMoodWidgetExtension.appex */;
			productType = "com.apple.product-type.app-extension";
		};
		439F0F272E93D75200101CA0 /* MarketMood */ = {
			isa = PBXNativeTarget;
			buildConfigurationList = 439F0F352E93D75500101CA0 /* Build configuration list for PBXNativeTarget "MarketMood" */;
			buildPhases = (
				43F192162EE2D32F00FC42BC /* ShellScript */,
				439F0F242E93D75200101CA0 /* Sources */,
				439F0F252E93D75200101CA0 /* Frameworks */,
				439F0F262E93D75200101CA0 /* Resources */,
				4339D2E52ECA223200D3C9FB /* Embed Foundation Extensions */,
			);
			buildRules = (
			);
			dependencies = (
				4339D2DF2ECA223200D3C9FB /* PBXTargetDependency */,
			);
			fileSystemSynchronizedGroups = (
				439F0F2A2E93D75200101CA0 /* MarketMood */,
			);
			name = MarketMood;
			packageProductDependencies = (
			);
			productName = MarketMood;
			productReference = 439F0F282E93D75200101CA0 /* MarketMood.app */;
			productType = "com.apple.product-type.application";
		};
/* End PBXNativeTarget section */

/* Begin PBXProject section */
		439F0F202E93D75200101CA0 /* Project object */ = {
			isa = PBXProject;
			attributes = {
				BuildIndependentTargetsInParallel = 1;
				LastSwiftUpdateCheck = 2600;
				LastUpgradeCheck = 2600;
				TargetAttributes = {
					4339D2CD2ECA223000D3C9FB = {
						CreatedOnToolsVersion = 26.0.1;
					};
					439F0F272E93D75200101CA0 = {
						CreatedOnToolsVersion = 26.0.1;
					};
				};
			};
			buildConfigurationList = 439F0F232E93D75200101CA0 /* Build configuration list for PBXProject "MarketMood" */;
			developmentRegion = en;
			hasScannedForEncodings = 0;
			knownRegions = (
				en,
				Base,
			);
			mainGroup = 439F0F1F2E93D75200101CA0;
			minimizedProjectReferenceProxies = 1;
			preferredProjectObjectVersion = 77;
			productRefGroup = 439F0F292E93D75200101CA0 /* Products */;
			projectDirPath = "";
			projectRoot = "";
			targets = (
				439F0F272E93D75200101CA0 /* MarketMood */,
				4339D2CD2ECA223000D3C9FB /* MarketMoodWidgetExtension */,
			);
		};
/* End PBXProject section */

/* Begin PBXResourcesBuildPhase section */
		4339D2CC2ECA223000D3C9FB /* Resources */ = {
			isa = PBXResourcesBuildPhase;
			buildActionMask = 2147483647;
			files = (
				435737FA2EE1EDCE006516D8 /* generate-api-key.sh in Resources */,
			);
			runOnlyForDeploymentPostprocessing = 0;
		};
		439F0F262E93D75200101CA0 /* Resources */ = {
			isa = PBXResourcesBuildPhase;
			buildActionMask = 2147483647;
			files = (
				43F193382EE32C9500FC42BC /* Readme.md in Resources */,
				435737F92EE1EDCE006516D8 /* generate-api-key.sh in Resources */,
			);
			runOnlyForDeploymentPostprocessing = 0;
		};
/* End PBXResourcesBuildPhase section */

/* Begin PBXShellScriptBuildPhase section */
		43F192162EE2D32F00FC42BC /* ShellScript */ = {
			isa = PBXShellScriptBuildPhase;
			buildActionMask = 2147483647;
			files = (
			);
			inputFileListPaths = (
			);
			inputPaths = (
				"$(SRCROOT)/scripts/generate-api-key.sh",
				"$(SRCROOT)/MarketMood/Config.xcconfig",
			);
			outputFileListPaths = (
			);
			outputPaths = (
				"$(SRCROOT)/MarketMood/APIKey.swift",
			);
			runOnlyForDeploymentPostprocessing = 0;
			shellPath = /bin/sh;
			shellScript = " \"${SRCROOT}/scripts/generate-api-key.sh\"\n";
		};
/* End PBXShellScriptBuildPhase section */

/* Begin PBXSourcesBuildPhase section */
		4339D2CA2ECA223000D3C9FB /* Sources */ = {
			isa = PBXSourcesBuildPhase;
			buildActionMask = 2147483647;
			files = (
			);
			runOnlyForDeploymentPostprocessing = 0;
		};
		439F0F242E93D75200101CA0 /* Sources */ = {
			isa = PBXSourcesBuildPhase;
			buildActionMask = 2147483647;
			files = (
			);
			runOnlyForDeploymentPostprocessing = 0;
		};
/* End PBXSourcesBuildPhase section */

/* Begin PBXTargetDependency section */
		4339D2DF2ECA223200D3C9FB /* PBXTargetDependency */ = {
			isa = PBXTargetDependency;
			target = 4339D2CD2ECA223000D3C9FB /* MarketMoodWidgetExtension */;
			targetProxy = 4339D2DE2ECA223200D3C9FB /* PBXContainerItemProxy */;
		};
/* End PBXTargetDependency section */

/* Begin XCBuildConfiguration section */
		4339D2E32ECA223200D3C9FB /* Debug */ = {
			isa = XCBuildConfiguration;
			buildSettings = {
				ASSETCATALOG_COMPILER_GLOBAL_ACCENT_COLOR_NAME = AccentColor;
				ASSETCATALOG_COMPILER_WIDGET_BACKGROUND_COLOR_NAME = WidgetBackground;
				CODE_SIGN_ENTITLEMENTS = MarketMoodWidgetExtension.entitlements;
				CODE_SIGN_STYLE = Automatic;
				CURRENT_PROJECT_VERSION = 1;
				DEVELOPMENT_TEAM = HBMCF3J59V;
				GENERATE_INFOPLIST_FILE = YES;
				INFOPLIST_FILE = MarketMoodWidget/Info.plist;
				INFOPLIST_KEY_CFBundleDisplayName = MarketMoodWidget;
				INFOPLIST_KEY_NSHumanReadableCopyright = "";
				LD_RUNPATH_SEARCH_PATHS = (
					"$(inherited)",
					"@executable_path/Frameworks",
					"@executable_path/../../Frameworks",
				);
				MARKETING_VERSION = 1.0;
				PRODUCT_BUNDLE_IDENTIFIER = pieroco.MarketMood.MarketMoodWidget;
				PRODUCT_NAME = "$(TARGET_NAME)";
				SKIP_INSTALL = YES;
				STRING_CATALOG_GENERATE_SYMBOLS = YES;
				SWIFT_APPROACHABLE_CONCURRENCY = YES;
				SWIFT_EMIT_LOC_STRINGS = YES;
				SWIFT_UPCOMING_FEATURE_MEMBER_IMPORT_VISIBILITY = YES;
				SWIFT_VERSION = 5.0;
				TARGETED_DEVICE_FAMILY = "1,2";
			};
			name = Debug;
		};
		4339D2E42ECA223200D3C9FB /* Release */ = {
			isa = XCBuildConfiguration;
			buildSettings = {
				ASSETCATALOG_COMPILER_GLOBAL_ACCENT_COLOR_NAME = AccentColor;
				ASSETCATALOG_COMPILER_WIDGET_BACKGROUND_COLOR_NAME = WidgetBackground;
				CODE_SIGN_ENTITLEMENTS = MarketMoodWidgetExtension.entitlements;
				CODE_SIGN_STYLE = Automatic;
				CURRENT_PROJECT_VERSION = 1;
				DEVELOPMENT_TEAM = HBMCF3J59V;
				GENERATE_INFOPLIST_FILE = YES;
				INFOPLIST_FILE = MarketMoodWidget/Info.plist;
				INFOPLIST_KEY_CFBundleDisplayName = MarketMoodWidget;
				INFOPLIST_KEY_NSHumanReadableCopyright = "";
				LD_RUNPATH_SEARCH_PATHS = (
					"$(inherited)",
					"@executable_path/Frameworks",
					"@executable_path/../../Frameworks",
				);
				MARKETING_VERSION = 1.0;
				PRODUCT_BUNDLE_IDENTIFIER = pieroco.MarketMood.MarketMoodWidget;
				PRODUCT_NAME = "$(TARGET_NAME)";
				SKIP_INSTALL = YES;
				STRING_CATALOG_GENERATE_SYMBOLS = YES;
				SWIFT_APPROACHABLE_CONCURRENCY = YES;
				SWIFT_EMIT_LOC_STRINGS = YES;
				SWIFT_UPCOMING_FEATURE_MEMBER_IMPORT_VISIBILITY = YES;
				SWIFT_VERSION = 5.0;
				TARGETED_DEVICE_FAMILY = "1,2";
			};
			name = Release;
		};
		439F0F332E93D75500101CA0 /* Debug */ = {
			isa = XCBuildConfiguration;
			baseConfigurationReferenceAnchor = 439F0F2A2E93D75200101CA0 /* MarketMood */;
			baseConfigurationReferenceRelativePath = Config.xcconfig;
			buildSettings = {
				ALWAYS_SEARCH_USER_PATHS = NO;
				ASSETCATALOG_COMPILER_GENERATE_SWIFT_ASSET_SYMBOL_EXTENSIONS = YES;
				CLANG_ANALYZER_NONNULL = YES;
				CLANG_ANALYZER_NUMBER_OBJECT_CONVERSION = YES_AGGRESSIVE;
				CLANG_CXX_LANGUAGE_STANDARD = "gnu++20";
				CLANG_ENABLE_MODULES = YES;
				CLANG_ENABLE_OBJC_ARC = YES;
				CLANG_ENABLE_OBJC_WEAK = YES;
				CLANG_WARN_BLOCK_CAPTURE_AUTORELEASING = YES;
				CLANG_WARN_BOOL_CONVERSION = YES;
				CLANG_WARN_COMMA = YES;
				CLANG_WARN_CONSTANT_CONVERSION = YES;
				CLANG_WARN_DEPRECATED_OBJC_IMPLEMENTATIONS = YES;
				CLANG_WARN_DIRECT_OBJC_ISA_USAGE = YES_ERROR;
				CLANG_WARN_DOCUMENTATION_COMMENTS = YES;
				CLANG_WARN_EMPTY_BODY = YES;
				CLANG_WARN_ENUM_CONVERSION = YES;
				CLANG_WARN_INFINITE_RECURSION = YES;
				CLANG_WARN_INT_CONVERSION = YES;
				CLANG_WARN_NON_LITERAL_NULL_CONVERSION = YES;
				CLANG_WARN_OBJC_IMPLICIT_RETAIN_SELF = YES;
				CLANG_WARN_OBJC_LITERAL_CONVERSION = YES;
				CLANG_WARN_OBJC_ROOT_CLASS = YES_ERROR;
				CLANG_WARN_QUOTED_INCLUDE_IN_FRAMEWORK_HEADER = YES;
				CLANG_WARN_RANGE_LOOP_ANALYSIS = YES;
				CLANG_WARN_STRICT_PROTOTYPES = YES;
				CLANG_WARN_SUSPICIOUS_MOVE = YES;
				CLANG_WARN_UNGUARDED_AVAILABILITY = YES_AGGRESSIVE;
				CLANG_WARN_UNREACHABLE_CODE = YES;
				CLANG_WARN__DUPLICATE_METHOD_MATCH = YES;
				COPY_PHASE_STRIP = NO;
				DEBUG_INFORMATION_FORMAT = dwarf;
				DEVELOPMENT_TEAM = HBMCF3J59V;
				ENABLE_STRICT_OBJC_MSGSEND = YES;
				ENABLE_TESTABILITY = YES;
				ENABLE_USER_SCRIPT_SANDBOXING = YES;
				GCC_C_LANGUAGE_STANDARD = gnu17;
				GCC_DYNAMIC_NO_PIC = NO;
				GCC_NO_COMMON_BLOCKS = YES;
				GCC_OPTIMIZATION_LEVEL = 0;
				GCC_PREPROCESSOR_DEFINITIONS = (
					"DEBUG=1",
					"$(inherited)",
				);
				GCC_WARN_64_TO_32_BIT_CONVERSION = YES;
				GCC_WARN_ABOUT_RETURN_TYPE = YES_ERROR;
				GCC_WARN_UNDECLARED_SELECTOR = YES;
				GCC_WARN_UNINITIALIZED_AUTOS = YES_AGGRESSIVE;
				GCC_WARN_UNUSED_FUNCTION = YES;
				GCC_WARN_UNUSED_VARIABLE = YES;
				INFOPLIST_KEY_API_KEY = "$(API_KEY)";
				IPHONEOS_DEPLOYMENT_TARGET = 26.0;
				LOCALIZATION_PREFERS_STRING_CATALOGS = YES;
				MTL_ENABLE_DEBUG_INFO = INCLUDE_SOURCE;
				MTL_FAST_MATH = YES;
				ONLY_ACTIVE_ARCH = YES;
				SDKROOT = iphoneos;
				SWIFT_ACTIVE_COMPILATION_CONDITIONS = "DEBUG $(inherited)";
				SWIFT_OPTIMIZATION_LEVEL = "-Onone";
			};
			name = Debug;
		};
		439F0F342E93D75500101CA0 /* Release */ = {
			isa = XCBuildConfiguration;
			baseConfigurationReferenceAnchor = 439F0F2A2E93D75200101CA0 /* MarketMood */;
			baseConfigurationReferenceRelativePath = Config.xcconfig;
			buildSettings = {
				ALWAYS_SEARCH_USER_PATHS = NO;
				ASSETCATALOG_COMPILER_GENERATE_SWIFT_ASSET_SYMBOL_EXTENSIONS = YES;
				CLANG_ANALYZER_NONNULL = YES;
				CLANG_ANALYZER_NUMBER_OBJECT_CONVERSION = YES_AGGRESSIVE;
				CLANG_CXX_LANGUAGE_STANDARD = "gnu++20";
				CLANG_ENABLE_MODULES = YES;
				CLANG_ENABLE_OBJC_ARC = YES;
				CLANG_ENABLE_OBJC_WEAK = YES;
				CLANG_WARN_BLOCK_CAPTURE_AUTORELEASING = YES;
				CLANG_WARN_BOOL_CONVERSION = YES;
				CLANG_WARN_COMMA = YES;
				CLANG_WARN_CONSTANT_CONVERSION = YES;
				CLANG_WARN_DEPRECATED_OBJC_IMPLEMENTATIONS = YES;
				CLANG_WARN_DIRECT_OBJC_ISA_USAGE = YES_ERROR;
				CLANG_WARN_DOCUMENTATION_COMMENTS = YES;
				CLANG_WARN_EMPTY_BODY = YES;
				CLANG_WARN_ENUM_CONVERSION = YES;
				CLANG_WARN_INFINITE_RECURSION = YES;
				CLANG_WARN_INT_CONVERSION = YES;
				CLANG_WARN_NON_LITERAL_NULL_CONVERSION = YES;
				CLANG_WARN_OBJC_IMPLICIT_RETAIN_SELF = YES;
				CLANG_WARN_OBJC_LITERAL_CONVERSION = YES;
				CLANG_WARN_OBJC_ROOT_CLASS = YES_ERROR;
				CLANG_WARN_QUOTED_INCLUDE_IN_FRAMEWORK_HEADER = YES;
				CLANG_WARN_RANGE_LOOP_ANALYSIS = YES;
				CLANG_WARN_STRICT_PROTOTYPES = YES;
				CLANG_WARN_SUSPICIOUS_MOVE = YES;
				CLANG_WARN_UNGUARDED_AVAILABILITY = YES_AGGRESSIVE;
				CLANG_WARN_UNREACHABLE_CODE = YES;
				CLANG_WARN__DUPLICATE_METHOD_MATCH = YES;
				COPY_PHASE_STRIP = NO;
				DEBUG_INFORMATION_FORMAT = "dwarf-with-dsym";
				DEVELOPMENT_TEAM = HBMCF3J59V;
				ENABLE_NS_ASSERTIONS = NO;
				ENABLE_STRICT_OBJC_MSGSEND = YES;
				ENABLE_USER_SCRIPT_SANDBOXING = YES;
				GCC_C_LANGUAGE_STANDARD = gnu17;
				GCC_NO_COMMON_BLOCKS = YES;
				GCC_WARN_64_TO_32_BIT_CONVERSION = YES;
				GCC_WARN_ABOUT_RETURN_TYPE = YES_ERROR;
				GCC_WARN_UNDECLARED_SELECTOR = YES;
				GCC_WARN_UNINITIALIZED_AUTOS = YES_AGGRESSIVE;
				GCC_WARN_UNUSED_FUNCTION = YES;
				GCC_WARN_UNUSED_VARIABLE = YES;
				INFOPLIST_KEY_API_KEY = "$(API_KEY)";
				IPHONEOS_DEPLOYMENT_TARGET = 26.0;
				LOCALIZATION_PREFERS_STRING_CATALOGS = YES;
				MTL_ENABLE_DEBUG_INFO = NO;
				MTL_FAST_MATH = YES;
				SDKROOT = iphoneos;
				SWIFT_COMPILATION_MODE = wholemodule;
				VALIDATE_PRODUCT = YES;
			};
			name = Release;
		};
		439F0F362E93D75500101CA0 /* Debug */ = {
			isa = XCBuildConfiguration;
			baseConfigurationReferenceAnchor = 439F0F2A2E93D75200101CA0 /* MarketMood */;
			baseConfigurationReferenceRelativePath = Config.xcconfig;
			buildSettings = {
				ASSETCATALOG_COMPILER_APPICON_NAME = AppIcon;
				ASSETCATALOG_COMPILER_GLOBAL_ACCENT_COLOR_NAME = AccentColor;
				CODE_SIGN_ENTITLEMENTS = MarketMood/MarketMood.entitlements;
				CODE_SIGN_STYLE = Automatic;
				CURRENT_PROJECT_VERSION = 1;
				DEVELOPMENT_TEAM = HBMCF3J59V;
				ENABLE_PREVIEWS = YES;
				GENERATE_INFOPLIST_FILE = YES;
				INFOPLIST_FILE = MarketMood/Info.plist;
				INFOPLIST_KEY_API_KEY = "$(API_KEY)";
				INFOPLIST_KEY_UIApplicationSceneManifest_Generation = YES;
				INFOPLIST_KEY_UIApplicationSupportsIndirectInputEvents = YES;
				INFOPLIST_KEY_UILaunchScreen_Generation = YES;
				INFOPLIST_KEY_UISupportedInterfaceOrientations_iPad = "UIInterfaceOrientationPortrait UIInterfaceOrientationPortraitUpsideDown UIInterfaceOrientationLandscapeLeft UIInterfaceOrientationLandscapeRight";
				INFOPLIST_KEY_UISupportedInterfaceOrientations_iPhone = "UIInterfaceOrientationPortrait UIInterfaceOrientationLandscapeLeft UIInterfaceOrientationLandscapeRight";
				LD_RUNPATH_SEARCH_PATHS = (
					"$(inherited)",
					"@executable_path/Frameworks",
				);
				MARKETING_VERSION = 1.0;
				PRODUCT_BUNDLE_IDENTIFIER = pieroco.MarketMood;
				PRODUCT_NAME = "$(TARGET_NAME)";
				STRING_CATALOG_GENERATE_SYMBOLS = YES;
				SWIFT_APPROACHABLE_CONCURRENCY = YES;
				SWIFT_DEFAULT_ACTOR_ISOLATION = MainActor;
				SWIFT_EMIT_LOC_STRINGS = YES;
				SWIFT_UPCOMING_FEATURE_MEMBER_IMPORT_VISIBILITY = YES;
				SWIFT_VERSION = 5.0;
				TARGETED_DEVICE_FAMILY = "1,2";
			};
			name = Debug;
		};
		439F0F372E93D75500101CA0 /* Release */ = {
			isa = XCBuildConfiguration;
			baseConfigurationReferenceAnchor = 439F0F2A2E93D75200101CA0 /* MarketMood */;
			baseConfigurationReferenceRelativePath = Config.xcconfig;
			buildSettings = {
				ASSETCATALOG_COMPILER_APPICON_NAME = AppIcon;
				ASSETCATALOG_COMPILER_GLOBAL_ACCENT_COLOR_NAME = AccentColor;
				CODE_SIGN_ENTITLEMENTS = MarketMood/MarketMood.entitlements;
				CODE_SIGN_STYLE = Automatic;
				CURRENT_PROJECT_VERSION = 1;
				DEVELOPMENT_TEAM = HBMCF3J59V;
				ENABLE_PREVIEWS = YES;
				GENERATE_INFOPLIST_FILE = YES;
				INFOPLIST_FILE = MarketMood/Info.plist;
				INFOPLIST_KEY_API_KEY = "$(API_KEY)";
				INFOPLIST_KEY_UIApplicationSceneManifest_Generation = YES;
				INFOPLIST_KEY_UIApplicationSupportsIndirectInputEvents = YES;
				INFOPLIST_KEY_UILaunchScreen_Generation = YES;
				INFOPLIST_KEY_UISupportedInterfaceOrientations_iPad = "UIInterfaceOrientationPortrait UIInterfaceOrientationPortraitUpsideDown UIInterfaceOrientationLandscapeLeft UIInterfaceOrientationLandscapeRight";
				INFOPLIST_KEY_UISupportedInterfaceOrientations_iPhone = "UIInterfaceOrientationPortrait UIInterfaceOrientationLandscapeLeft UIInterfaceOrientationLandscapeRight";
				LD_RUNPATH_SEARCH_PATHS = (
					"$(inherited)",
					"@executable_path/Frameworks",
				);
				MARKETING_VERSION = 1.0;
				PRODUCT_BUNDLE_IDENTIFIER = pieroco.MarketMood;
				PRODUCT_NAME = "$(TARGET_NAME)";
				STRING_CATALOG_GENERATE_SYMBOLS = YES;
				SWIFT_APPROACHABLE_CONCURRENCY = YES;
				SWIFT_DEFAULT_ACTOR_ISOLATION = MainActor;
				SWIFT_EMIT_LOC_STRINGS = YES;
				SWIFT_UPCOMING_FEATURE_MEMBER_IMPORT_VISIBILITY = YES;
				SWIFT_VERSION = 5.0;
				TARGETED_DEVICE_FAMILY = "1,2";
			};
			name = Release;
		};
/* End XCBuildConfiguration section */

/* Begin XCConfigurationList section */
		4339D2E22ECA223200D3C9FB /* Build configuration list for PBXNativeTarget "MarketMoodWidgetExtension" */ = {
			isa = XCConfigurationList;
			buildConfigurations = (
				4339D2E32ECA223200D3C9FB /* Debug */,
				4339D2E42ECA223200D3C9FB /* Release */,
			);
			defaultConfigurationIsVisible = 0;
			defaultConfigurationName = Release;
		};
		439F0F232E93D75200101CA0 /* Build configuration list for PBXProject "MarketMood" */ = {
			isa = XCConfigurationList;
			buildConfigurations = (
				439F0F332E93D75500101CA0 /* Debug */,
				439F0F342E93D75500101CA0 /* Release */,
			);
			defaultConfigurationIsVisible = 0;
			defaultConfigurationName = Release;
		};
		439F0F352E93D75500101CA0 /* Build configuration list for PBXNativeTarget "MarketMood" */ = {
			isa = XCConfigurationList;
			buildConfigurations = (
				439F0F362E93D75500101CA0 /* Debug */,
				439F0F372E93D75500101CA0 /* Release */,
			);
			defaultConfigurationIsVisible = 0;
			defaultConfigurationName = Release;
		};
/* End XCConfigurationList section */
	};
	rootObject = 439F0F202E93D75200101CA0 /* Project object */;
}
